
Microsoft Visual Studio Solution File, Format Version 12.00
# Visual Studio Version 16
VisualStudioVersion = 16.0.30204.135
MinimumVisualStudioVersion = 10.0.40219.1
Project("{C7167F0D-BC9F-4E6E-AFE1-012C56B48DB5}") = "package", "package.wapproj", "{781CE08D-999C-46E5-BC0A-A793E54C50BF}"
EndProject
Project("{9A19103F-16F7-4668-BE54-9A1E7A4F7556}") = "dotnetCoreApp", "dotnetCoreApp\dotnetCoreApp.csproj", "{989790B2-EA2B-4281-92D3-0C7149D89BEA}"
EndProject
Project("{FAE04EC0-301F-11D3-BF4B-00C04F79EFBC}") = "uwp", "uwp\uwp.csproj", "{3C45BE0F-F96A-454E-A068-BEC2928D8E89}"
EndProject
Global
	GlobalSection(SolutionConfigurationPlatforms) = preSolution
		Debug|Any CPU = Debug|Any CPU
		Debug|ARM = Debug|ARM
		Debug|ARM64 = Debug|ARM64
		Debug|x64 = Debug|x64
		Debug|x86 = Debug|x86
		Release|Any CPU = Release|Any CPU
		Release|ARM = Release|ARM
		Release|ARM64 = Release|ARM64
		Release|x64 = Release|x64
		Release|x86 = Release|x86
	EndGlobalSection
	GlobalSection(ProjectConfigurationPlatforms) = postSolution
		{781CE08D-999C-46E5-BC0A-A793E54C50BF}.Debug|Any CPU.ActiveCfg = Debug|Any CPU
		{781CE08D-999C-46E5-BC0A-A793E54C50BF}.Debug|Any CPU.Build.0 = Debug|Any CPU
		{781CE08D-999C-46E5-BC0A-A793E54C50BF}.Debug|Any CPU.Deploy.0 = Debug|Any CPU
		{781CE08D-999C-46E5-BC0A-A793E54C50BF}.Debug|ARM.ActiveCfg = Debug|ARM
		{781CE08D-999C-46E5-BC0A-A793E54C50BF}.Debug|ARM.Build.0 = Debug|ARM
		{781CE08D-999C-46E5-BC0A-A793E54C50BF}.Debug|ARM.Deploy.0 = Debug|ARM
		{781CE08D-999C-46E5-BC0A-A793E54C50BF}.Debug|ARM64.ActiveCfg = Debug|ARM64
		{781CE08D-999C-46E5-BC0A-A793E54C50BF}.Debug|ARM64.Build.0 = Debug|ARM64
		{781CE08D-999C-46E5-BC0A-A793E54C50BF}.Debug|ARM64.Deploy.0 = Debug|ARM64
		{781CE08D-999C-46E5-BC0A-A793E54C50BF}.Debug|x64.ActiveCfg = Debug|x64
		{781CE08D-999C-46E5-BC0A-A793E54C50BF}.Debug|x64.Build.0 = Debug|x64
		{781CE08D-999C-46E5-BC0A-A793E54C50BF}.Debug|x64.Deploy.0 = Debug|x64
		{781CE08D-999C-46E5-BC0A-A793E54C50BF}.Debug|x86.ActiveCfg = Debug|x86
		{781CE08D-999C-46E5-BC0A-A793E54C50BF}.Debug|x86.Build.0 = Debug|x86
		{781CE08D-999C-46E5-BC0A-A793E54C50BF}.Debug|x86.Deploy.0 = Debug|x86
		{781CE08D-999C-46E5-BC0A-A793E54C50BF}.Release|Any CPU.ActiveCfg = Release|Any CPU
		{781CE08D-999C-46E5-BC0A-A793E54C50BF}.Release|Any CPU.Build.0 = Release|Any CPU
		{781CE08D-999C-46E5-BC0A-A793E54C50BF}.Release|Any CPU.Deploy.0 = Release|Any CPU
		{781CE08D-999C-46E5-BC0A-A793E54C50BF}.Release|ARM.ActiveCfg = Release|ARM
		{781CE08D-999C-46E5-BC0A-A793E54C50BF}.Release|ARM.Build.0 = Release|ARM
		{781CE08D-999C-46E5-BC0A-A793E54C50BF}.Release|ARM.Deploy.0 = Release|ARM
		{781CE08D-999C-46E5-BC0A-A793E54C50BF}.Release|ARM64.ActiveCfg = Release|ARM64
		{781CE08D-999C-46E5-BC0A-A793E54C50BF}.Release|ARM64.Build.0 = Release|ARM64
		{781CE08D-999C-46E5-BC0A-A793E54C50BF}.Release|ARM64.Deploy.0 = Release|ARM64
		{781CE08D-999C-46E5-BC0A-A793E54C50BF}.Release|x64.ActiveCfg = Debug|x64
		{781CE08D-999C-46E5-BC0A-A793E54C50BF}.Release|x64.Build.0 = Debug|x64
		{781CE08D-999C-46E5-BC0A-A793E54C50BF}.Release|x64.Deploy.0 = Debug|x64
		{781CE08D-999C-46E5-BC0A-A793E54C50BF}.Release|x86.ActiveCfg = Release|x86
		{781CE08D-999C-46E5-BC0A-A793E54C50BF}.Release|x86.Build.0 = Release|x86
		{781CE08D-999C-46E5-BC0A-A793E54C50BF}.Release|x86.Deploy.0 = Release|x86
		{989790B2-EA2B-4281-92D3-0C7149D89BEA}.Debug|Any CPU.ActiveCfg = Debug|Any CPU
		{989790B2-EA2B-4281-92D3-0C7149D89BEA}.Debug|Any CPU.Build.0 = Debug|Any CPU
		{989790B2-EA2B-4281-92D3-0C7149D89BEA}.Debug|ARM.ActiveCfg = Debug|Any CPU
		{989790B2-EA2B-4281-92D3-0C7149D89BEA}.Debug|ARM.Build.0 = Debug|Any CPU
		{989790B2-EA2B-4281-92D3-0C7149D89BEA}.Debug|ARM64.ActiveCfg = Debug|Any CPU
		{989790B2-EA2B-4281-92D3-0C7149D89BEA}.Debug|ARM64.Build.0 = Debug|Any CPU
		{989790B2-EA2B-4281-92D3-0C7149D89BEA}.Debug|x64.ActiveCfg = Debug|x64
		{989790B2-EA2B-4281-92D3-0C7149D89BEA}.Debug|x64.Build.0 = Debug|x64
		{989790B2-EA2B-4281-92D3-0C7149D89BEA}.Debug|x86.ActiveCfg = Debug|Any CPU
		{989790B2-EA2B-4281-92D3-0C7149D89BEA}.Debug|x86.Build.0 = Debug|Any CPU
		{989790B2-EA2B-4281-92D3-0C7149D89BEA}.Release|Any CPU.ActiveCfg = Release|Any CPU
		{989790B2-EA2B-4281-92D3-0C7149D89BEA}.Release|Any CPU.Build.0 = Release|Any CPU
		{989790B2-EA2B-4281-92D3-0C7149D89BEA}.Release|ARM.ActiveCfg = Release|Any CPU
		{989790B2-EA2B-4281-92D3-0C7149D89BEA}.Release|ARM.Build.0 = Release|Any CPU
		{989790B2-EA2B-4281-92D3-0C7149D89BEA}.Release|ARM64.ActiveCfg = Release|Any CPU
		{989790B2-EA2B-4281-92D3-0C7149D89BEA}.Release|ARM64.Build.0 = Release|Any CPU
		{989790B2-EA2B-4281-92D3-0C7149D89BEA}.Release|x64.ActiveCfg = Release|x64
		{989790B2-EA2B-4281-92D3-0C7149D89BEA}.Release|x64.Build.0 = Release|x64
		{989790B2-EA2B-4281-92D3-0C7149D89BEA}.Release|x86.ActiveCfg = Release|Any CPU
		{989790B2-EA2B-4281-92D3-0C7149D89BEA}.Release|x86.Build.0 = Release|Any CPU
		{3C45BE0F-F96A-454E-A068-BEC2928D8E89}.Debug|Any CPU.ActiveCfg = Debug|x86
		{3C45BE0F-F96A-454E-A068-BEC2928D8E89}.Debug|ARM.ActiveCfg = Debug|ARM
		{3C45BE0F-F96A-454E-A068-BEC2928D8E89}.Debug|ARM.Build.0 = Debug|ARM
		{3C45BE0F-F96A-454E-A068-BEC2928D8E89}.Debug|ARM.Deploy.0 = Debug|ARM
		{3C45BE0F-F96A-454E-A068-BEC2928D8E89}.Debug|ARM64.ActiveCfg = Debug|ARM64
		{3C45BE0F-F96A-454E-A068-BEC2928D8E89}.Debug|ARM64.Build.0 = Debug|ARM64
		{3C45BE0F-F96A-454E-A068-BEC2928D8E89}.Debug|ARM64.Deploy.0 = Debug|ARM64
		{3C45BE0F-F96A-454E-A068-BEC2928D8E89}.Debug|x64.ActiveCfg = Debug|x64
		{3C45BE0F-F96A-454E-A068-BEC2928D8E89}.Debug|x64.Build.0 = Debug|x64
		{3C45BE0F-F96A-454E-A068-BEC2928D8E89}.Debug|x64.Deploy.0 = Debug|x64
		{3C45BE0F-F96A-454E-A068-BEC2928D8E89}.Debug|x86.ActiveCfg = Debug|x86
		{3C45BE0F-F96A-454E-A068-BEC2928D8E89}.Debug|x86.Build.0 = Debug|x86
		{3C45BE0F-F96A-454E-A068-BEC2928D8E89}.Debug|x86.Deploy.0 = Debug|x86
		{3C45BE0F-F96A-454E-A068-BEC2928D8E89}.Release|Any CPU.ActiveCfg = Release|x86
		{3C45BE0F-F96A-454E-A068-BEC2928D8E89}.Release|ARM.ActiveCfg = Release|ARM
		{3C45BE0F-F96A-454E-A068-BEC2928D8E89}.Release|ARM.Build.0 = Release|ARM
		{3C45BE0F-F96A-454E-A068-BEC2928D8E89}.Release|ARM.Deploy.0 = Release|ARM
		{3C45BE0F-F96A-454E-A068-BEC2928D8E89}.Release|ARM64.ActiveCfg = Release|ARM64
		{3C45BE0F-F96A-454E-A068-BEC2928D8E89}.Release|ARM64.Build.0 = Release|ARM64
		{3C45BE0F-F96A-454E-A068-BEC2928D8E89}.Release|ARM64.Deploy.0 = Release|ARM64
		{3C45BE0F-F96A-454E-A068-BEC2928D8E89}.Release|x64.ActiveCfg = Release|x64
		{3C45BE0F-F96A-454E-A068-BEC2928D8E89}.Release|x64.Build.0 = Release|x64
		{3C45BE0F-F96A-454E-A068-BEC2928D8E89}.Release|x64.Deploy.0 = Release|x64
		{3C45BE0F-F96A-454E-A068-BEC2928D8E89}.Release|x86.ActiveCfg = Release|x86
		{3C45BE0F-F96A-454E-A068-BEC2928D8E89}.Release|x86.Build.0 = Release|x86
		{3C45BE0F-F96A-454E-A068-BEC2928D8E89}.Release|x86.Deploy.0 = Release|x86
	EndGlobalSection
	GlobalSection(SolutionProperties) = preSolution
		HideSolutionNode = FALSE
	EndGlobalSection
	GlobalSection(ExtensibilityGlobals) = postSolution
		SolutionGuid = {467D37E4-5E51-4D70-B651-B2C50DC74BB1}
	EndGlobalSection
EndGlobal
